
Microsoft Visual Studio Solution File, Format Version 12.00
# Visual Studio Version 17
VisualStudioVersion = 17.3.32804.467
MinimumVisualStudioVersion = 10.0.40219.1
Project("{FAE04EC0-301F-11D3-BF4B-00C04F79EFBC}") = "CSClass2", "CSClass2\CSClass2.csproj", "{0CE6C9F2-7D57-453D-91AF-C24D46F41311}"
EndProject
Global
	GlobalSection(SolutionConfigurationPlatforms) = preSolution
		Debug|Any CPU = Debug|Any CPU
		Release|Any CPU = Release|Any CPU
	EndGlobalSection
	GlobalSection(ProjectConfigurationPlatforms) = postSolution
		{0CE6C9F2-7D57-453D-91AF-C24D46F41311}.Debug|Any CPU.ActiveCfg = Debug|Any CPU
		{0CE6C9F2-7D57-453D-91AF-C24D46F41311}.Debug|Any CPU.Build.0 = Debug|Any CPU
		{0CE6C9F2-7D57-453D-91AF-C24D46F41311}.Release|Any CPU.ActiveCfg = Release|Any CPU
		{0CE6C9F2-7D57-453D-91AF-C24D46F41311}.Release|Any CPU.Build.0 = Release|Any CPU
	EndGlobalSection
	GlobalSection(SolutionProperties) = preSolution
		HideSolutionNode = FALSE
	EndGlobalSection
	GlobalSection(ExtensibilityGlobals) = postSolution
		SolutionGuid = {9235D02F-2EEB-4F0F-8313-AD05D824D9A1}
	EndGlobalSection
EndGlobal
